
Microsoft Visual Studio Solution File, Format Version 12.00
# Visual Studio Version 16
VisualStudioVersion = 16.0.30330.147
MinimumVisualStudioVersion = 10.0.40219.1
Project("{FAE04EC0-301F-11D3-BF4B-00C04F79EFBC}") = "EFCoreCompany", "EFCoreCompany.csproj", "{ACBE7738-E83C-43A9-B378-E9DB0093D2CD}"
EndProject
Project("{FAE04EC0-301F-11D3-BF4B-00C04F79EFBC}") = "EFCoreCompanyLib", "..\EFCoreCompanyLib\EFCoreCompanyLib.csproj", "{834A9BDE-6B36-481E-B141-D60BDB428BE0}"
EndProject
Global
	GlobalSection(SolutionConfigurationPlatforms) = preSolution
		Debug|Any CPU = Debug|Any CPU
		Release|Any CPU = Release|Any CPU
	EndGlobalSection
	GlobalSection(ProjectConfigurationPlatforms) = postSolution
		{ACBE7738-E83C-43A9-B378-E9DB0093D2CD}.Debug|Any CPU.ActiveCfg = Debug|Any CPU
		{ACBE7738-E83C-43A9-B378-E9DB0093D2CD}.Debug|Any CPU.Build.0 = Debug|Any CPU
		{ACBE7738-E83C-43A9-B378-E9DB0093D2CD}.Release|Any CPU.ActiveCfg = Release|Any CPU
		{ACBE7738-E83C-43A9-B378-E9DB0093D2CD}.Release|Any CPU.Build.0 = Release|Any CPU
		{834A9BDE-6B36-481E-B141-D60BDB428BE0}.Debug|Any CPU.ActiveCfg = Debug|Any CPU
		{834A9BDE-6B36-481E-B141-D60BDB428BE0}.Debug|Any CPU.Build.0 = Debug|Any CPU
		{834A9BDE-6B36-481E-B141-D60BDB428BE0}.Release|Any CPU.ActiveCfg = Release|Any CPU
		{834A9BDE-6B36-481E-B141-D60BDB428BE0}.Release|Any CPU.Build.0 = Release|Any CPU
	EndGlobalSection
	GlobalSection(SolutionProperties) = preSolution
		HideSolutionNode = FALSE
	EndGlobalSection
	GlobalSection(ExtensibilityGlobals) = postSolution
		SolutionGuid = {17FB0FAA-E4C1-42B0-B7E1-CE1D1B6ED1C5}
	EndGlobalSection
EndGlobal
